
Microsoft Visual Studio Solution File, Format Version 12.00
# Visual Studio Version 17
VisualStudioVersion = 17.5.002.0
MinimumVisualStudioVersion = 10.0.40219.1
Project("{2150E333-8FDC-42A3-9474-1A3956D46DE8}") = "csharp-prep", "csharp-prep", "{23A228FC-F432-4766-8DC7-BAA57F8A0653}"
EndProject
Project("{9A19103F-16F7-4668-BE54-9A1E7A4F7556}") = "Prep1", "csharp-prep\Prep1\Prep1.csproj", "{F6652C04-809D-4948-B9F2-962B2DF76CB3}"
EndProject
Project("{9A19103F-16F7-4668-BE54-9A1E7A4F7556}") = "Prep2", "csharp-prep\Prep2\Prep2.csproj", "{1D68EF23-8C84-4393-A4AF-CB7E085DFD6B}"
EndProject
Project("{9A19103F-16F7-4668-BE54-9A1E7A4F7556}") = "Prep3", "csharp-prep\Prep3\Prep3.csproj", "{CFE74F0E-2B14-463A-8D97-0D69AA128735}"
EndProject
Project("{9A19103F-16F7-4668-BE54-9A1E7A4F7556}") = "Prep4", "csharp-prep\Prep4\Prep4.csproj", "{B91CAF2C-5DC6-43CE-80CC-38BB1838316C}"
EndProject
Project("{9A19103F-16F7-4668-BE54-9A1E7A4F7556}") = "Prep5", "csharp-prep\Prep5\Prep5.csproj", "{DCE586C7-F834-4A31-B0A5-8A8F8118FE94}"
EndProject
Project("{2150E333-8FDC-42A3-9474-1A3956D46DE8}") = "final", "final", "{95B83671-B0A7-45DE-BDF0-7D4FE8196C55}"
EndProject
Project("{9A19103F-16F7-4668-BE54-9A1E7A4F7556}") = "FinalProject", "final\FinalProject\FinalProject.csproj", "{1241F8D8-C251-4479-A14A-B30C6C5D4D85}"
EndProject
Project("{9A19103F-16F7-4668-BE54-9A1E7A4F7556}") = "Foundation1", "final\Foundation1\Foundation1.csproj", "{242AB092-0213-4B97-AE31-81653ADAD88D}"
EndProject
Project("{9A19103F-16F7-4668-BE54-9A1E7A4F7556}") = "Foundation2", "final\Foundation2\Foundation2.csproj", "{4A147E26-D492-4284-8D35-CD39C275BDAA}"
EndProject
Project("{9A19103F-16F7-4668-BE54-9A1E7A4F7556}") = "Foundation3", "final\Foundation3\Foundation3.csproj", "{EECFBC60-DEF2-414B-B35B-2EE993A10268}"
EndProject
Project("{9A19103F-16F7-4668-BE54-9A1E7A4F7556}") = "Foundation4", "final\Foundation4\Foundation4.csproj", "{5EA2904C-D893-4CB4-9078-B43DE84BD267}"
EndProject
Project("{2150E333-8FDC-42A3-9474-1A3956D46DE8}") = "prepare", "prepare", "{DE6B04F9-1A21-40A7-AE45-E99E3D885827}"
EndProject
Project("{9A19103F-16F7-4668-BE54-9A1E7A4F7556}") = "Learning02", "prepare\Learning02\Learning02.csproj", "{80A9A154-5040-4A75-B91B-B9A625D485DB}"
EndProject
Project("{9A19103F-16F7-4668-BE54-9A1E7A4F7556}") = "Learning03", "prepare\Learning03\Learning03.csproj", "{E7D9E406-B9F8-4218-85EE-F4240D6AEC6A}"
EndProject
Project("{9A19103F-16F7-4668-BE54-9A1E7A4F7556}") = "Learning04", "prepare\Learning04\Learning04.csproj", "{4CDBD7C5-E751-4E04-880C-70BAB6045217}"
EndProject
Project("{9A19103F-16F7-4668-BE54-9A1E7A4F7556}") = "Learning05", "prepare\Learning05\Learning05.csproj", "{A0BF7F89-2A41-4ED4-9EF6-B654F2B0A74B}"
EndProject
Project("{2150E333-8FDC-42A3-9474-1A3956D46DE8}") = "prove", "prove", "{F4012709-70ED-4967-8CF8-39A6A5A1ACED}"
EndProject
Project("{9A19103F-16F7-4668-BE54-9A1E7A4F7556}") = "Develop02", "prove\Develop02\Develop02.csproj", "{DEF4FDBC-CBEC-467D-A8F1-89111A02AA68}"
EndProject
Project("{9A19103F-16F7-4668-BE54-9A1E7A4F7556}") = "Develop03", "prove\Develop03\Develop03.csproj", "{199D614A-534D-4593-A09D-5E70A2086455}"
EndProject
Project("{9A19103F-16F7-4668-BE54-9A1E7A4F7556}") = "Develop04", "prove\Develop04\Develop04.csproj", "{190D058B-17A1-418C-BBDF-4BC1FF1ED19B}"
EndProject
Project("{9A19103F-16F7-4668-BE54-9A1E7A4F7556}") = "Develop05", "prove\Develop05\Develop05.csproj", "{D294913C-3EEB-4FCA-9606-D98C21A90663}"
EndProject
Project("{2150E333-8FDC-42A3-9474-1A3956D46DE8}") = "sandbox", "sandbox", "{E007E030-386C-4B96-BEA1-8E59A7B13C03}"
EndProject
Project("{9A19103F-16F7-4668-BE54-9A1E7A4F7556}") = "Sandbox", "sandbox\Sandbox\Sandbox.csproj", "{BCE296C2-43DA-4B87-B43D-DBF77173D33E}"
EndProject
Global
	GlobalSection(SolutionConfigurationPlatforms) = preSolution
		Debug|Any CPU = Debug|Any CPU
		Release|Any CPU = Release|Any CPU
	EndGlobalSection
	GlobalSection(ProjectConfigurationPlatforms) = postSolution
		{F6652C04-809D-4948-B9F2-962B2DF76CB3}.Debug|Any CPU.ActiveCfg = Debug|Any CPU
		{F6652C04-809D-4948-B9F2-962B2DF76CB3}.Debug|Any CPU.Build.0 = Debug|Any CPU
		{F6652C04-809D-4948-B9F2-962B2DF76CB3}.Release|Any CPU.ActiveCfg = Release|Any CPU
		{F6652C04-809D-4948-B9F2-962B2DF76CB3}.Release|Any CPU.Build.0 = Release|Any CPU
		{1D68EF23-8C84-4393-A4AF-CB7E085DFD6B}.Debug|Any CPU.ActiveCfg = Debug|Any CPU
		{1D68EF23-8C84-4393-A4AF-CB7E085DFD6B}.Debug|Any CPU.Build.0 = Debug|Any CPU
		{1D68EF23-8C84-4393-A4AF-CB7E085DFD6B}.Release|Any CPU.ActiveCfg = Release|Any CPU
		{1D68EF23-8C84-4393-A4AF-CB7E085DFD6B}.Release|Any CPU.Build.0 = Release|Any CPU
		{CFE74F0E-2B14-463A-8D97-0D69AA128735}.Debug|Any CPU.ActiveCfg = Debug|Any CPU
		{CFE74F0E-2B14-463A-8D97-0D69AA128735}.Debug|Any CPU.Build.0 = Debug|Any CPU
		{CFE74F0E-2B14-463A-8D97-0D69AA128735}.Release|Any CPU.ActiveCfg = Release|Any CPU
		{CFE74F0E-2B14-463A-8D97-0D69AA128735}.Release|Any CPU.Build.0 = Release|Any CPU
		{B91CAF2C-5DC6-43CE-80CC-38BB1838316C}.Debug|Any CPU.ActiveCfg = Debug|Any CPU
		{B91CAF2C-5DC6-43CE-80CC-38BB1838316C}.Debug|Any CPU.Build.0 = Debug|Any CPU
		{B91CAF2C-5DC6-43CE-80CC-38BB1838316C}.Release|Any CPU.ActiveCfg = Release|Any CPU
		{B91CAF2C-5DC6-43CE-80CC-38BB1838316C}.Release|Any CPU.Build.0 = Release|Any CPU
		{DCE586C7-F834-4A31-B0A5-8A8F8118FE94}.Debug|Any CPU.ActiveCfg = Debug|Any CPU
		{DCE586C7-F834-4A31-B0A5-8A8F8118FE94}.Debug|Any CPU.Build.0 = Debug|Any CPU
		{DCE586C7-F834-4A31-B0A5-8A8F8118FE94}.Release|Any CPU.ActiveCfg = Release|Any CPU
		{DCE586C7-F834-4A31-B0A5-8A8F8118FE94}.Release|Any CPU.Build.0 = Release|Any CPU
		{1241F8D8-C251-4479-A14A-B30C6C5D4D85}.Debug|Any CPU.ActiveCfg = Debug|Any CPU
		{1241F8D8-C251-4479-A14A-B30C6C5D4D85}.Debug|Any CPU.Build.0 = Debug|Any CPU
		{1241F8D8-C251-4479-A14A-B30C6C5D4D85}.Release|Any CPU.ActiveCfg = Release|Any CPU
		{1241F8D8-C251-4479-A14A-B30C6C5D4D85}.Release|Any CPU.Build.0 = Release|Any CPU
		{242AB092-0213-4B97-AE31-81653ADAD88D}.Debug|Any CPU.ActiveCfg = Debug|Any CPU
		{242AB092-0213-4B97-AE31-81653ADAD88D}.Debug|Any CPU.Build.0 = Debug|Any CPU
		{242AB092-0213-4B97-AE31-81653ADAD88D}.Release|Any CPU.ActiveCfg = Release|Any CPU
		{242AB092-0213-4B97-AE31-81653ADAD88D}.Release|Any CPU.Build.0 = Release|Any CPU
		{4A147E26-D492-4284-8D35-CD39C275BDAA}.Debug|Any CPU.ActiveCfg = Debug|Any CPU
		{4A147E26-D492-4284-8D35-CD39C275BDAA}.Debug|Any CPU.Build.0 = Debug|Any CPU
		{4A147E26-D492-4284-8D35-CD39C275BDAA}.Release|Any CPU.ActiveCfg = Release|Any CPU
		{4A147E26-D492-4284-8D35-CD39C275BDAA}.Release|Any CPU.Build.0 = Release|Any CPU
		{EECFBC60-DEF2-414B-B35B-2EE993A10268}.Debug|Any CPU.ActiveCfg = Debug|Any CPU
		{EECFBC60-DEF2-414B-B35B-2EE993A10268}.Debug|Any CPU.Build.0 = Debug|Any CPU
		{EECFBC60-DEF2-414B-B35B-2EE993A10268}.Release|Any CPU.ActiveCfg = Release|Any CPU
		{EECFBC60-DEF2-414B-B35B-2EE993A10268}.Release|Any CPU.Build.0 = Release|Any CPU
		{5EA2904C-D893-4CB4-9078-B43DE84BD267}.Debug|Any CPU.ActiveCfg = Debug|Any CPU
		{5EA2904C-D893-4CB4-9078-B43DE84BD267}.Debug|Any CPU.Build.0 = Debug|Any CPU
		{5EA2904C-D893-4CB4-9078-B43DE84BD267}.Release|Any CPU.ActiveCfg = Release|Any CPU
		{5EA2904C-D893-4CB4-9078-B43DE84BD267}.Release|Any CPU.Build.0 = Release|Any CPU
		{80A9A154-5040-4A75-B91B-B9A625D485DB}.Debug|Any CPU.ActiveCfg = Debug|Any CPU
		{80A9A154-5040-4A75-B91B-B9A625D485DB}.Debug|Any CPU.Build.0 = Debug|Any CPU
		{80A9A154-5040-4A75-B91B-B9A625D485DB}.Release|Any CPU.ActiveCfg = Release|Any CPU
		{80A9A154-5040-4A75-B91B-B9A625D485DB}.Release|Any CPU.Build.0 = Release|Any CPU
		{E7D9E406-B9F8-4218-85EE-F4240D6AEC6A}.Debug|Any CPU.ActiveCfg = Debug|Any CPU
		{E7D9E406-B9F8-4218-85EE-F4240D6AEC6A}.Debug|Any CPU.Build.0 = Debug|Any CPU
		{E7D9E406-B9F8-4218-85EE-F4240D6AEC6A}.Release|Any CPU.ActiveCfg = Release|Any CPU
		{E7D9E406-B9F8-4218-85EE-F4240D6AEC6A}.Release|Any CPU.Build.0 = Release|Any CPU
		{4CDBD7C5-E751-4E04-880C-70BAB6045217}.Debug|Any CPU.ActiveCfg = Debug|Any CPU
		{4CDBD7C5-E751-4E04-880C-70BAB6045217}.Debug|Any CPU.Build.0 = Debug|Any CPU
		{4CDBD7C5-E751-4E04-880C-70BAB6045217}.Release|Any CPU.ActiveCfg = Release|Any CPU
		{4CDBD7C5-E751-4E04-880C-70BAB6045217}.Release|Any CPU.Build.0 = Release|Any CPU
		{A0BF7F89-2A41-4ED4-9EF6-B654F2B0A74B}.Debug|Any CPU.ActiveCfg = Debug|Any CPU
		{A0BF7F89-2A41-4ED4-9EF6-B654F2B0A74B}.Debug|Any CPU.Build.0 = Debug|Any CPU
		{A0BF7F89-2A41-4ED4-9EF6-B654F2B0A74B}.Release|Any CPU.ActiveCfg = Release|Any CPU
		{A0BF7F89-2A41-4ED4-9EF6-B654F2B0A74B}.Release|Any CPU.Build.0 = Release|Any CPU
		{DEF4FDBC-CBEC-467D-A8F1-89111A02AA68}.Debug|Any CPU.ActiveCfg = Debug|Any CPU
		{DEF4FDBC-CBEC-467D-A8F1-89111A02AA68}.Debug|Any CPU.Build.0 = Debug|Any CPU
		{DEF4FDBC-CBEC-467D-A8F1-89111A02AA68}.Release|Any CPU.ActiveCfg = Release|Any CPU
		{DEF4FDBC-CBEC-467D-A8F1-89111A02AA68}.Release|Any CPU.Build.0 = Release|Any CPU
		{199D614A-534D-4593-A09D-5E70A2086455}.Debug|Any CPU.ActiveCfg = Debug|Any CPU
		{199D614A-534D-4593-A09D-5E70A2086455}.Debug|Any CPU.Build.0 = Debug|Any CPU
		{199D614A-534D-4593-A09D-5E70A2086455}.Release|Any CPU.ActiveCfg = Release|Any CPU
		{199D614A-534D-4593-A09D-5E70A2086455}.Release|Any CPU.Build.0 = Release|Any CPU
		{190D058B-17A1-418C-BBDF-4BC1FF1ED19B}.Debug|Any CPU.ActiveCfg = Debug|Any CPU
		{190D058B-17A1-418C-BBDF-4BC1FF1ED19B}.Debug|Any CPU.Build.0 = Debug|Any CPU
		{190D058B-17A1-418C-BBDF-4BC1FF1ED19B}.Release|Any CPU.ActiveCfg = Release|Any CPU
		{190D058B-17A1-418C-BBDF-4BC1FF1ED19B}.Release|Any CPU.Build.0 = Release|Any CPU
		{D294913C-3EEB-4FCA-9606-D98C21A90663}.Debug|Any CPU.ActiveCfg = Debug|Any CPU
		{D294913C-3EEB-4FCA-9606-D98C21A90663}.Debug|Any CPU.Build.0 = Debug|Any CPU
		{D294913C-3EEB-4FCA-9606-D98C21A90663}.Release|Any CPU.ActiveCfg = Release|Any CPU
		{D294913C-3EEB-4FCA-9606-D98C21A90663}.Release|Any CPU.Build.0 = Release|Any CPU
		{BCE296C2-43DA-4B87-B43D-DBF77173D33E}.Debug|Any CPU.ActiveCfg = Debug|Any CPU
		{BCE296C2-43DA-4B87-B43D-DBF77173D33E}.Debug|Any CPU.Build.0 = Debug|Any CPU
		{BCE296C2-43DA-4B87-B43D-DBF77173D33E}.Release|Any CPU.ActiveCfg = Release|Any CPU
		{BCE296C2-43DA-4B87-B43D-DBF77173D33E}.Release|Any CPU.Build.0 = Release|Any CPU
	EndGlobalSection
	GlobalSection(SolutionProperties) = preSolution
		HideSolutionNode = FALSE
	EndGlobalSection
	GlobalSection(NestedProjects) = preSolution
		{F6652C04-809D-4948-B9F2-962B2DF76CB3} = {23A228FC-F432-4766-8DC7-BAA57F8A0653}
		{1D68EF23-8C84-4393-A4AF-CB7E085DFD6B} = {23A228FC-F432-4766-8DC7-BAA57F8A0653}
		{CFE74F0E-2B14-463A-8D97-0D69AA128735} = {23A228FC-F432-4766-8DC7-BAA57F8A0653}
		{B91CAF2C-5DC6-43CE-80CC-38BB1838316C} = {23A228FC-F432-4766-8DC7-BAA57F8A0653}
		{DCE586C7-F834-4A31-B0A5-8A8F8118FE94} = {23A228FC-F432-4766-8DC7-BAA57F8A0653}
		{1241F8D8-C251-4479-A14A-B30C6C5D4D85} = {95B83671-B0A7-45DE-BDF0-7D4FE8196C55}
		{242AB092-0213-4B97-AE31-81653ADAD88D} = {95B83671-B0A7-45DE-BDF0-7D4FE8196C55}
		{4A147E26-D492-4284-8D35-CD39C275BDAA} = {95B83671-B0A7-45DE-BDF0-7D4FE8196C55}
		{EECFBC60-DEF2-414B-B35B-2EE993A10268} = {95B83671-B0A7-45DE-BDF0-7D4FE8196C55}
		{5EA2904C-D893-4CB4-9078-B43DE84BD267} = {95B83671-B0A7-45DE-BDF0-7D4FE8196C55}
		{80A9A154-5040-4A75-B91B-B9A625D485DB} = {DE6B04F9-1A21-40A7-AE45-E99E3D885827}
		{E7D9E406-B9F8-4218-85EE-F4240D6AEC6A} = {DE6B04F9-1A21-40A7-AE45-E99E3D885827}
		{4CDBD7C5-E751-4E04-880C-70BAB6045217} = {DE6B04F9-1A21-40A7-AE45-E99E3D885827}
		{A0BF7F89-2A41-4ED4-9EF6-B654F2B0A74B} = {DE6B04F9-1A21-40A7-AE45-E99E3D885827}
		{DEF4FDBC-CBEC-467D-A8F1-89111A02AA68} = {F4012709-70ED-4967-8CF8-39A6A5A1ACED}
		{199D614A-534D-4593-A09D-5E70A2086455} = {F4012709-70ED-4967-8CF8-39A6A5A1ACED}
		{190D058B-17A1-418C-BBDF-4BC1FF1ED19B} = {F4012709-70ED-4967-8CF8-39A6A5A1ACED}
		{D294913C-3EEB-4FCA-9606-D98C21A90663} = {F4012709-70ED-4967-8CF8-39A6A5A1ACED}
		{BCE296C2-43DA-4B87-B43D-DBF77173D33E} = {E007E030-386C-4B96-BEA1-8E59A7B13C03}
	EndGlobalSection
	GlobalSection(ExtensibilityGlobals) = postSolution
		SolutionGuid = {EEB34AA8-0E55-49DE-8298-032E5E99AA2D}
	EndGlobalSection
EndGlobal
